github.com/jackbaty/hugo-PaperMod-baty v0.0.0-20250610165553-935403957f87 h1:RVmsaEGJXHOEzB6zMbcf/I/ROy+c+8L6M22X9A7m720=
github.com/jackbaty/hugo-PaperMod-baty v0.0.0-20250610165553-935403957f87/go.mod h1:GwxkDCh1N+yhzhsRGHlDBW12SN+ote6LUAUwxek2ZUY=
github.com/jackbaty/hugo-PaperMod-baty v0.0.0-20250610170917-391819e79566 h1:R2TAh8kiOE4XcDJqHJo4AiKarVAAOW4FNM0oJU/6wSM=
github.com/jackbaty/hugo-PaperMod-baty v0.0.0-20250610170917-391819e79566/go.mod h1:GwxkDCh1N+yhzhsRGHlDBW12SN+ote6LUAUwxek2ZUY=
github.com/jackbaty/hugo-PaperMod-baty v0.0.0-20250611124204-250703ab9c07 h1:sxHnJnYF0LJ8c/+VMovdPUcCV7z1bSKf2c+Xae/69I0=
github.com/jackbaty/hugo-PaperMod-baty v0.0.0-20250611124204-250703ab9c07/go.mod h1:GwxkDCh1N+yhzhsRGHlDBW12SN+ote6LUAUwxek2ZUY=
