github.com/jackbaty/hugo-PaperMod-baty v0.0.0-20250803124941-9448e3b0c754 h1:ZNCvYNbddxJMmP+Yuf4bPch3m+xXVj+96NpLj+/Dxl4=
github.com/jackbaty/hugo-PaperMod-baty v0.0.0-20250803124941-9448e3b0c754/go.mod h1:GwxkDCh1N+yhzhsRGHlDBW12SN+ote6LUAUwxek2ZUY=
github.com/jackbaty/hugo-PaperMod-baty v0.0.0-20250817150620-c3eb52c505fa h1:y2tnsbVlxI/xfnGxw03DfHL3Jq+lG70yNk5kXFIUEX0=
github.com/jackbaty/hugo-PaperMod-baty v0.0.0-20250817150620-c3eb52c505fa/go.mod h1:GwxkDCh1N+yhzhsRGHlDBW12SN+ote6LUAUwxek2ZUY=
github.com/jackbaty/hugo-PaperMod-baty v0.0.0-20250817161344-b86fbad8af63 h1:3vjNb9FmxkHzkHZOomNBSXXSnEo8X4jDFG42FBbOVY8=
github.com/jackbaty/hugo-PaperMod-baty v0.0.0-20250817161344-b86fbad8af63/go.mod h1:GwxkDCh1N+yhzhsRGHlDBW12SN+ote6LUAUwxek2ZUY=
github.com/mfg92/hugo-shortcode-gallery v1.3.0 h1:7wiUUu7adN3JbcshZfZ+Q0ZLDilPoGkquoor0ZcdJVU=
github.com/mfg92/hugo-shortcode-gallery v1.3.0/go.mod h1:SEdbeBGSMX2lP+4nCqqy9AyTWWktUMWXYnR3r1l01Rw=
