github.com/jackbaty/hugo-PaperMod-baty v0.0.0-20250611124204-250703ab9c07 h1:sxHnJnYF0LJ8c/+VMovdPUcCV7z1bSKf2c+Xae/69I0=
github.com/jackbaty/hugo-PaperMod-baty v0.0.0-20250611124204-250703ab9c07/go.mod h1:GwxkDCh1N+yhzhsRGHlDBW12SN+ote6LUAUwxek2ZUY=
github.com/jackbaty/hugo-PaperMod-baty v0.0.0-20250629170633-0738e4aeaf2d h1:aEtmTSSQU73JOP8HRlLZzqG1Sm2cgXGUZO8UKOyBDu4=
github.com/jackbaty/hugo-PaperMod-baty v0.0.0-20250629170633-0738e4aeaf2d/go.mod h1:GwxkDCh1N+yhzhsRGHlDBW12SN+ote6LUAUwxek2ZUY=
github.com/jackbaty/hugo-PaperMod-baty v0.0.0-20250710105359-88d308997493 h1:9WniQWiLFMVj6a16HOvSOBJbTWbsPRY9FipHc+7guv8=
github.com/jackbaty/hugo-PaperMod-baty v0.0.0-20250710105359-88d308997493/go.mod h1:GwxkDCh1N+yhzhsRGHlDBW12SN+ote6LUAUwxek2ZUY=
github.com/jackbaty/hugo-PaperMod-baty v0.0.0-20250712140823-d61f1dc83cef h1:VXHBkvseZUEdgsYamECGzJCJaai9O/i0diJr9fHI1Ag=
github.com/jackbaty/hugo-PaperMod-baty v0.0.0-20250712140823-d61f1dc83cef/go.mod h1:GwxkDCh1N+yhzhsRGHlDBW12SN+ote6LUAUwxek2ZUY=
github.com/jackbaty/hugo-PaperMod-baty v0.0.0-20250712141431-40f9d0af3ff9 h1:bg7rDtqkxPtjivwtHaRnHPwUBS+UuRgG40jeXNSnHTE=
github.com/jackbaty/hugo-PaperMod-baty v0.0.0-20250712141431-40f9d0af3ff9/go.mod h1:GwxkDCh1N+yhzhsRGHlDBW12SN+ote6LUAUwxek2ZUY=
github.com/mfg92/hugo-shortcode-gallery v1.3.0 h1:7wiUUu7adN3JbcshZfZ+Q0ZLDilPoGkquoor0ZcdJVU=
github.com/mfg92/hugo-shortcode-gallery v1.3.0/go.mod h1:SEdbeBGSMX2lP+4nCqqy9AyTWWktUMWXYnR3r1l01Rw=
